// !$*UTF8*$!
{
	archiveVersion = 1;
	classes = {
	};
	objectVersion = 56;
	objects = {

/* Begin PBXBuildFile section */
		EF2095F12B5FD5CF00A14D45 /* EsahamApp.swift in Sources */ = {isa = PBXBuildFile; fileRef = EF2095F02B5FD5CF00A14D45 /* EsahamApp.swift */; };
		EF2095F32B5FD5CF00A14D45 /* ContentView.swift in Sources */ = {isa = PBXBuildFile; fileRef = EF2095F22B5FD5CF00A14D45 /* ContentView.swift */; };
		EF2095F52B5FD5D200A14D45 /* Assets.xcassets in Resources */ = {isa = PBXBuildFile; fileRef = EF2095F42B5FD5D200A14D45 /* Assets.xcassets */; };
		EF2095F82B5FD5D200A14D45 /* Preview Assets.xcassets in Resources */ = {isa = PBXBuildFile; fileRef = EF2095F72B5FD5D200A14D45 /* Preview Assets.xcassets */; };
		EF2096032B6B792700A14D45 /* JoinChallengeView.swift in Sources */ = {isa = PBXBuildFile; fileRef = EF2096022B6B792700A14D45 /* JoinChallengeView.swift */; };
		EF2096052B6B7A0A00A14D45 /* CreateChallengeView.swift in Sources */ = {isa = PBXBuildFile; fileRef = EF2096042B6B7A0A00A14D45 /* CreateChallengeView.swift */; };
		EF2096072B6B7A3C00A14D45 /* ChooseMonthView.swift in Sources */ = {isa = PBXBuildFile; fileRef = EF2096062B6B7A3C00A14D45 /* ChooseMonthView.swift */; };
		EF20960B2B6B7A9F00A14D45 /* CommunityView.swift in Sources */ = {isa = PBXBuildFile; fileRef = EF20960A2B6B7A9F00A14D45 /* CommunityView.swift */; };
		EF20960D2B6B7ABA00A14D45 /* MyPlantView.swift in Sources */ = {isa = PBXBuildFile; fileRef = EF20960C2B6B7ABA00A14D45 /* MyPlantView.swift */; };
		EF20960F2B6B7ADE00A14D45 /* TasksView.swift in Sources */ = {isa = PBXBuildFile; fileRef = EF20960E2B6B7ADE00A14D45 /* TasksView.swift */; };
		EF2096112B6B7B4000A14D45 /* StartChallengeView.swift in Sources */ = {isa = PBXBuildFile; fileRef = EF2096102B6B7B4000A14D45 /* StartChallengeView.swift */; };
		EF2096152B6B7CDB00A14D45 /* WaitForChallengeView.swift in Sources */ = {isa = PBXBuildFile; fileRef = EF2096142B6B7CDB00A14D45 /* WaitForChallengeView.swift */; };
		EF2096172B6B7D2700A14D45 /* ChallengeView.swift in Sources */ = {isa = PBXBuildFile; fileRef = EF2096162B6B7D2700A14D45 /* ChallengeView.swift */; };
		EF20964B2B6D216B00A14D45 /* BoardingView.swift in Sources */ = {isa = PBXBuildFile; fileRef = EF20964A2B6D216A00A14D45 /* BoardingView.swift */; };
/* End PBXBuildFile section */

/* Begin PBXFileReference section */
		EF2095ED2B5FD5CF00A14D45 /* Esaham.app */ = {isa = PBXFileReference; explicitFileType = wrapper.application; includeInIndex = 0; path = Esaham.app; sourceTree = BUILT_PRODUCTS_DIR; };
		EF2095F02B5FD5CF00A14D45 /* EsahamApp.swift */ = {isa = PBXFileReference; lastKnownFileType = sourcecode.swift; path = EsahamApp.swift; sourceTree = "<group>"; };
		EF2095F22B5FD5CF00A14D45 /* ContentView.swift */ = {isa = PBXFileReference; lastKnownFileType = sourcecode.swift; path = ContentView.swift; sourceTree = "<group>"; };
		EF2095F42B5FD5D200A14D45 /* Assets.xcassets */ = {isa = PBXFileReference; lastKnownFileType = folder.assetcatalog; path = Assets.xcassets; sourceTree = "<group>"; };
		EF2095F72B5FD5D200A14D45 /* Preview Assets.xcassets */ = {isa = PBXFileReference; lastKnownFileType = folder.assetcatalog; path = "Preview Assets.xcassets"; sourceTree = "<group>"; };
		EF2096022B6B792700A14D45 /* JoinChallengeView.swift */ = {isa = PBXFileReference; lastKnownFileType = sourcecode.swift; path = JoinChallengeView.swift; sourceTree = "<group>"; };
		EF2096042B6B7A0A00A14D45 /* CreateChallengeView.swift */ = {isa = PBXFileReference; lastKnownFileType = sourcecode.swift; path = CreateChallengeView.swift; sourceTree = "<group>"; };
		EF2096062B6B7A3C00A14D45 /* ChooseMonthView.swift */ = {isa = PBXFileReference; lastKnownFileType = sourcecode.swift; path = ChooseMonthView.swift; sourceTree = "<group>"; };
		EF20960A2B6B7A9F00A14D45 /* CommunityView.swift */ = {isa = PBXFileReference; lastKnownFileType = sourcecode.swift; path = CommunityView.swift; sourceTree = "<group>"; };
		EF20960C2B6B7ABA00A14D45 /* MyPlantView.swift */ = {isa = PBXFileReference; lastKnownFileType = sourcecode.swift; path = MyPlantView.swift; sourceTree = "<group>"; };
		EF20960E2B6B7ADE00A14D45 /* TasksView.swift */ = {isa = PBXFileReference; lastKnownFileType = sourcecode.swift; path = TasksView.swift; sourceTree = "<group>"; };
		EF2096102B6B7B4000A14D45 /* StartChallengeView.swift */ = {isa = PBXFileReference; lastKnownFileType = sourcecode.swift; path = StartChallengeView.swift; sourceTree = "<group>"; };
		EF2096142B6B7CDB00A14D45 /* WaitForChallengeView.swift */ = {isa = PBXFileReference; lastKnownFileType = sourcecode.swift; path = WaitForChallengeView.swift; sourceTree = "<group>"; };
		EF2096162B6B7D2700A14D45 /* ChallengeView.swift */ = {isa = PBXFileReference; lastKnownFileType = sourcecode.swift; path = ChallengeView.swift; sourceTree = "<group>"; };
		EF20964A2B6D216A00A14D45 /* BoardingView.swift */ = {isa = PBXFileReference; lastKnownFileType = sourcecode.swift; path = BoardingView.swift; sourceTree = "<group>"; };
/* End PBXFileReference section */

/* Begin PBXFrameworksBuildPhase section */
		EF2095EA2B5FD5CF00A14D45 /* Frameworks */ = {
			isa = PBXFrameworksBuildPhase;
			buildActionMask = 2147483647;
			files = (
			);
			runOnlyForDeploymentPostprocessing = 0;
		};
/* End PBXFrameworksBuildPhase section */

/* Begin PBXGroup section */
		EF2095E42B5FD5CF00A14D45 = {
			isa = PBXGroup;
			children = (
				EF2095EF2B5FD5CF00A14D45 /* Esaham */,
				EF2095EE2B5FD5CF00A14D45 /* Products */,
			);
			sourceTree = "<group>";
		};
		EF2095EE2B5FD5CF00A14D45 /* Products */ = {
			isa = PBXGroup;
			children = (
				EF2095ED2B5FD5CF00A14D45 /* Esaham.app */,
			);
			name = Products;
			sourceTree = "<group>";
		};
		EF2095EF2B5FD5CF00A14D45 /* Esaham */ = {
			isa = PBXGroup;
			children = (
				EF2095F02B5FD5CF00A14D45 /* EsahamApp.swift */,
				EF20964A2B6D216A00A14D45 /* BoardingView.swift */,
				EF2095F22B5FD5CF00A14D45 /* ContentView.swift */,
				EF20960A2B6B7A9F00A14D45 /* CommunityView.swift */,
				EF20960C2B6B7ABA00A14D45 /* MyPlantView.swift */,
				EF20960E2B6B7ADE00A14D45 /* TasksView.swift */,
				EF2096162B6B7D2700A14D45 /* ChallengeView.swift */,
				EF2096042B6B7A0A00A14D45 /* CreateChallengeView.swift */,
				EF2096062B6B7A3C00A14D45 /* ChooseMonthView.swift */,
				EF2096102B6B7B4000A14D45 /* StartChallengeView.swift */,
				EF2096022B6B792700A14D45 /* JoinChallengeView.swift */,
				EF2096142B6B7CDB00A14D45 /* WaitForChallengeView.swift */,
				EF2095F42B5FD5D200A14D45 /* Assets.xcassets */,
				EF2095F62B5FD5D200A14D45 /* Preview Content */,
			);
			path = Esaham;
			sourceTree = "<group>";
		};
		EF2095F62B5FD5D200A14D45 /* Preview Content */ = {
			isa = PBXGroup;
			children = (
				EF2095F72B5FD5D200A14D45 /* Preview Assets.xcassets */,
			);
			path = "Preview Content";
			sourceTree = "<group>";
		};
/* End PBXGroup section */

/* Begin PBXNativeTarget section */
		EF2095EC2B5FD5CF00A14D45 /* Esaham */ = {
			isa = PBXNativeTarget;
			buildConfigurationList = EF2095FB2B5FD5D200A14D45 /* Build configuration list for PBXNativeTarget "Esaham" */;
			buildPhases = (
				EF2095E92B5FD5CF00A14D45 /* Sources */,
				EF2095EA2B5FD5CF00A14D45 /* Frameworks */,
				EF2095EB2B5FD5CF00A14D45 /* Resources */,
			);
			buildRules = (
			);
			dependencies = (
			);
			name = Esaham;
			productName = Esaham;
			productReference = EF2095ED2B5FD5CF00A14D45 /* Esaham.app */;
			productType = "com.apple.product-type.application";
		};
/* End PBXNativeTarget section */

/* Begin PBXProject section */
		EF2095E52B5FD5CF00A14D45 /* Project object */ = {
			isa = PBXProject;
			attributes = {
				BuildIndependentTargetsInParallel = 1;
				LastSwiftUpdateCheck = 1520;
				LastUpgradeCheck = 1520;
				TargetAttributes = {
					EF2095EC2B5FD5CF00A14D45 = {
						CreatedOnToolsVersion = 15.2;
					};
				};
			};
			buildConfigurationList = EF2095E82B5FD5CF00A14D45 /* Build configuration list for PBXProject "Esaham" */;
			compatibilityVersion = "Xcode 14.0";
			developmentRegion = en;
			hasScannedForEncodings = 0;
			knownRegions = (
				en,
				Base,
			);
			mainGroup = EF2095E42B5FD5CF00A14D45;
			productRefGroup = EF2095EE2B5FD5CF00A14D45 /* Products */;
			projectDirPath = "";
			projectRoot = "";
			targets = (
				EF2095EC2B5FD5CF00A14D45 /* Esaham */,
			);
		};
/* End PBXProject section */

/* Begin PBXResourcesBuildPhase section */
		EF2095EB2B5FD5CF00A14D45 /* Resources */ = {
			isa = PBXResourcesBuildPhase;
			buildActionMask = 2147483647;
			files = (
				EF2095F82B5FD5D200A14D45 /* Preview Assets.xcassets in Resources */,
				EF2095F52B5FD5D200A14D45 /* Assets.xcassets in Resources */,
			);
			runOnlyForDeploymentPostprocessing = 0;
		};
/* End PBXResourcesBuildPhase section */

/* Begin PBXSourcesBuildPhase section */
		EF2095E92B5FD5CF00A14D45 /* Sources */ = {
			isa = PBXSourcesBuildPhase;
			buildActionMask = 2147483647;
			files = (
				EF20964B2B6D216B00A14D45 /* BoardingView.swift in Sources */,
				EF2096072B6B7A3C00A14D45 /* ChooseMonthView.swift in Sources */,
				EF2095F32B5FD5CF00A14D45 /* ContentView.swift in Sources */,
				EF20960B2B6B7A9F00A14D45 /* CommunityView.swift in Sources */,
				EF2096172B6B7D2700A14D45 /* ChallengeView.swift in Sources */,
				EF20960F2B6B7ADE00A14D45 /* TasksView.swift in Sources */,
				EF2096112B6B7B4000A14D45 /* StartChallengeView.swift in Sources */,
				EF2096032B6B792700A14D45 /* JoinChallengeView.swift in Sources */,
				EF2096052B6B7A0A00A14D45 /* CreateChallengeView.swift in Sources */,
				EF20960D2B6B7ABA00A14D45 /* MyPlantView.swift in Sources */,
				EF2095F12B5FD5CF00A14D45 /* EsahamApp.swift in Sources */,
				EF2096152B6B7CDB00A14D45 /* WaitForChallengeView.swift in Sources */,
			);
			runOnlyForDeploymentPostprocessing = 0;
		};
/* End PBXSourcesBuildPhase section */

/* Begin XCBuildConfiguration section */
		EF2095F92B5FD5D200A14D45 /* Debug */ = {
			isa = XCBuildConfiguration;
			buildSettings = {
				ALWAYS_SEARCH_USER_PATHS = NO;
				ASSETCATALOG_COMPILER_GENERATE_SWIFT_ASSET_SYMBOL_EXTENSIONS = YES;
				CLANG_ANALYZER_NONNULL = YES;
				CLANG_ANALYZER_NUMBER_OBJECT_CONVERSION = YES_AGGRESSIVE;
				CLANG_CXX_LANGUAGE_STANDARD = "gnu++20";
				CLANG_ENABLE_MODULES = YES;
				CLANG_ENABLE_OBJC_ARC = YES;
				CLANG_ENABLE_OBJC_WEAK = YES;
				CLANG_WARN_BLOCK_CAPTURE_AUTORELEASING = YES;
				CLANG_WARN_BOOL_CONVERSION = YES;
				CLANG_WARN_COMMA = YES;
				CLANG_WARN_CONSTANT_CONVERSION = YES;
				CLANG_WARN_DEPRECATED_OBJC_IMPLEMENTATIONS = YES;
				CLANG_WARN_DIRECT_OBJC_ISA_USAGE = YES_ERROR;
				CLANG_WARN_DOCUMENTATION_COMMENTS = YES;
				CLANG_WARN_EMPTY_BODY = YES;
				CLANG_WARN_ENUM_CONVERSION = YES;
				CLANG_WARN_INFINITE_RECURSION = YES;
				CLANG_WARN_INT_CONVERSION = YES;
				CLANG_WARN_NON_LITERAL_NULL_CONVERSION = YES;
				CLANG_WARN_OBJC_IMPLICIT_RETAIN_SELF = YES;
				CLANG_WARN_OBJC_LITERAL_CONVERSION = YES;
				CLANG_WARN_OBJC_ROOT_CLASS = YES_ERROR;
				CLANG_WARN_QUOTED_INCLUDE_IN_FRAMEWORK_HEADER = YES;
				CLANG_WARN_RANGE_LOOP_ANALYSIS = YES;
				CLANG_WARN_STRICT_PROTOTYPES = YES;
				CLANG_WARN_SUSPICIOUS_MOVE = YES;
				CLANG_WARN_UNGUARDED_AVAILABILITY = YES_AGGRESSIVE;
				CLANG_WARN_UNREACHABLE_CODE = YES;
				CLANG_WARN__DUPLICATE_METHOD_MATCH = YES;
				COPY_PHASE_STRIP = NO;
				DEBUG_INFORMATION_FORMAT = dwarf;
				ENABLE_STRICT_OBJC_MSGSEND = YES;
				ENABLE_TESTABILITY = YES;
				ENABLE_USER_SCRIPT_SANDBOXING = YES;
				GCC_C_LANGUAGE_STANDARD = gnu17;
				GCC_DYNAMIC_NO_PIC = NO;
				GCC_NO_COMMON_BLOCKS = YES;
				GCC_OPTIMIZATION_LEVEL = 0;
				GCC_PREPROCESSOR_DEFINITIONS = (
					"DEBUG=1",
					"$(inherited)",
				);
				GCC_WARN_64_TO_32_BIT_CONVERSION = YES;
				GCC_WARN_ABOUT_RETURN_TYPE = YES_ERROR;
				GCC_WARN_UNDECLARED_SELECTOR = YES;
				GCC_WARN_UNINITIALIZED_AUTOS = YES_AGGRESSIVE;
				GCC_WARN_UNUSED_FUNCTION = YES;
				GCC_WARN_UNUSED_VARIABLE = YES;
				IPHONEOS_DEPLOYMENT_TARGET = 17.2;
				LOCALIZATION_PREFERS_STRING_CATALOGS = YES;
				MTL_ENABLE_DEBUG_INFO = INCLUDE_SOURCE;
				MTL_FAST_MATH = YES;
				ONLY_ACTIVE_ARCH = YES;
				SDKROOT = iphoneos;
				SWIFT_ACTIVE_COMPILATION_CONDITIONS = "DEBUG $(inherited)";
				SWIFT_OPTIMIZATION_LEVEL = "-Onone";
			};
			name = Debug;
		};
		EF2095FA2B5FD5D200A14D45 /* Release */ = {
			isa = XCBuildConfiguration;
			buildSettings = {
				ALWAYS_SEARCH_USER_PATHS = NO;
				ASSETCATALOG_COMPILER_GENERATE_SWIFT_ASSET_SYMBOL_EXTENSIONS = YES;
				CLANG_ANALYZER_NONNULL = YES;
				CLANG_ANALYZER_NUMBER_OBJECT_CONVERSION = YES_AGGRESSIVE;
				CLANG_CXX_LANGUAGE_STANDARD = "gnu++20";
				CLANG_ENABLE_MODULES = YES;
				CLANG_ENABLE_OBJC_ARC = YES;
				CLANG_ENABLE_OBJC_WEAK = YES;
				CLANG_WARN_BLOCK_CAPTURE_AUTORELEASING = YES;
				CLANG_WARN_BOOL_CONVERSION = YES;
				CLANG_WARN_COMMA = YES;
				CLANG_WARN_CONSTANT_CONVERSION = YES;
				CLANG_WARN_DEPRECATED_OBJC_IMPLEMENTATIONS = YES;
				CLANG_WARN_DIRECT_OBJC_ISA_USAGE = YES_ERROR;
				CLANG_WARN_DOCUMENTATION_COMMENTS = YES;
				CLANG_WARN_EMPTY_BODY = YES;
				CLANG_WARN_ENUM_CONVERSION = YES;
				CLANG_WARN_INFINITE_RECURSION = YES;
				CLANG_WARN_INT_CONVERSION = YES;
				CLANG_WARN_NON_LITERAL_NULL_CONVERSION = YES;
				CLANG_WARN_OBJC_IMPLICIT_RETAIN_SELF = YES;
				CLANG_WARN_OBJC_LITERAL_CONVERSION = YES;
				CLANG_WARN_OBJC_ROOT_CLASS = YES_ERROR;
				CLANG_WARN_QUOTED_INCLUDE_IN_FRAMEWORK_HEADER = YES;
				CLANG_WARN_RANGE_LOOP_ANALYSIS = YES;
				CLANG_WARN_STRICT_PROTOTYPES = YES;
				CLANG_WARN_SUSPICIOUS_MOVE = YES;
				CLANG_WARN_UNGUARDED_AVAILABILITY = YES_AGGRESSIVE;
				CLANG_WARN_UNREACHABLE_CODE = YES;
				CLANG_WARN__DUPLICATE_METHOD_MATCH = YES;
				COPY_PHASE_STRIP = NO;
				DEBUG_INFORMATION_FORMAT = "dwarf-with-dsym";
				ENABLE_NS_ASSERTIONS = NO;
				ENABLE_STRICT_OBJC_MSGSEND = YES;
				ENABLE_USER_SCRIPT_SANDBOXING = YES;
				GCC_C_LANGUAGE_STANDARD = gnu17;
				GCC_NO_COMMON_BLOCKS = YES;
				GCC_WARN_64_TO_32_BIT_CONVERSION = YES;
				GCC_WARN_ABOUT_RETURN_TYPE = YES_ERROR;
				GCC_WARN_UNDECLARED_SELECTOR = YES;
				GCC_WARN_UNINITIALIZED_AUTOS = YES_AGGRESSIVE;
				GCC_WARN_UNUSED_FUNCTION = YES;
				GCC_WARN_UNUSED_VARIABLE = YES;
				IPHONEOS_DEPLOYMENT_TARGET = 17.2;
				LOCALIZATION_PREFERS_STRING_CATALOGS = YES;
				MTL_ENABLE_DEBUG_INFO = NO;
				MTL_FAST_MATH = YES;
				SDKROOT = iphoneos;
				SWIFT_COMPILATION_MODE = wholemodule;
				VALIDATE_PRODUCT = YES;
			};
			name = Release;
		};
		EF2095FC2B5FD5D200A14D45 /* Debug */ = {
			isa = XCBuildConfiguration;
			buildSettings = {
				ASSETCATALOG_COMPILER_APPICON_NAME = AppIcon;
				ASSETCATALOG_COMPILER_GLOBAL_ACCENT_COLOR_NAME = AccentColor;
				CODE_SIGN_STYLE = Automatic;
				CURRENT_PROJECT_VERSION = 1;
				DEVELOPMENT_ASSET_PATHS = "\"Esaham/Preview Content\"";
				ENABLE_PREVIEWS = YES;
				GENERATE_INFOPLIST_FILE = YES;
				INFOPLIST_KEY_UIApplicationSceneManifest_Generation = YES;
				INFOPLIST_KEY_UIApplicationSupportsIndirectInputEvents = YES;
				INFOPLIST_KEY_UILaunchScreen_Generation = YES;
				INFOPLIST_KEY_UISupportedInterfaceOrientations_iPad = "UIInterfaceOrientationPortrait UIInterfaceOrientationPortraitUpsideDown UIInterfaceOrientationLandscapeLeft UIInterfaceOrientationLandscapeRight";
				INFOPLIST_KEY_UISupportedInterfaceOrientations_iPhone = "UIInterfaceOrientationPortrait UIInterfaceOrientationLandscapeLeft UIInterfaceOrientationLandscapeRight";
				LD_RUNPATH_SEARCH_PATHS = (
					"$(inherited)",
					"@executable_path/Frameworks",
				);
				MARKETING_VERSION = 1.0;
				PRODUCT_BUNDLE_IDENTIFIER = none.Esaham;
				PRODUCT_NAME = "$(TARGET_NAME)";
				SWIFT_EMIT_LOC_STRINGS = YES;
				SWIFT_VERSION = 5.0;
				TARGETED_DEVICE_FAMILY = "1,2";
			};
			name = Debug;
		};
		EF2095FD2B5FD5D200A14D45 /* Release */ = {
			isa = XCBuildConfiguration;
			buildSettings = {
				ASSETCATALOG_COMPILER_APPICON_NAME = AppIcon;
				ASSETCATALOG_COMPILER_GLOBAL_ACCENT_COLOR_NAME = AccentColor;
				CODE_SIGN_STYLE = Automatic;
				CURRENT_PROJECT_VERSION = 1;
				DEVELOPMENT_ASSET_PATHS = "\"Esaham/Preview Content\"";
				ENABLE_PREVIEWS = YES;
				GENERATE_INFOPLIST_FILE = YES;
				INFOPLIST_KEY_UIApplicationSceneManifest_Generation = YES;
				INFOPLIST_KEY_UIApplicationSupportsIndirectInputEvents = YES;
				INFOPLIST_KEY_UILaunchScreen_Generation = YES;
				INFOPLIST_KEY_UISupportedInterfaceOrientations_iPad = "UIInterfaceOrientationPortrait UIInterfaceOrientationPortraitUpsideDown UIInterfaceOrientationLandscapeLeft UIInterfaceOrientationLandscapeRight";
				INFOPLIST_KEY_UISupportedInterfaceOrientations_iPhone = "UIInterfaceOrientationPortrait UIInterfaceOrientationLandscapeLeft UIInterfaceOrientationLandscapeRight";
				LD_RUNPATH_SEARCH_PATHS = (
					"$(inherited)",
					"@executable_path/Frameworks",
				);
				MARKETING_VERSION = 1.0;
				PRODUCT_BUNDLE_IDENTIFIER = none.Esaham;
				PRODUCT_NAME = "$(TARGET_NAME)";
				SWIFT_EMIT_LOC_STRINGS = YES;
				SWIFT_VERSION = 5.0;
				TARGETED_DEVICE_FAMILY = "1,2";
			};
			name = Release;
		};
/* End XCBuildConfiguration section */

/* Begin XCConfigurationList section */
		EF2095E82B5FD5CF00A14D45 /* Build configuration list for PBXProject "Esaham" */ = {
			isa = XCConfigurationList;
			buildConfigurations = (
				EF2095F92B5FD5D200A14D45 /* Debug */,
				EF2095FA2B5FD5D200A14D45 /* Release */,
			);
			defaultConfigurationIsVisible = 0;
			defaultConfigurationName = Release;
		};
		EF2095FB2B5FD5D200A14D45 /* Build configuration list for PBXNativeTarget "Esaham" */ = {
			isa = XCConfigurationList;
			buildConfigurations = (
				EF2095FC2B5FD5D200A14D45 /* Debug */,
				EF2095FD2B5FD5D200A14D45 /* Release */,
			);
			defaultConfigurationIsVisible = 0;
			defaultConfigurationName = Release;
		};
/* End XCConfigurationList section */
	};
	rootObject = EF2095E52B5FD5CF00A14D45 /* Project object */;
}
